// !$*UTF8*$!
{
	archiveVersion = 1;
	classes = {
	};
	objectVersion = 50;
	objects = {

/* Begin PBXBuildFile section */
		FC28A8D321A3ACC60051BE10 /* ZZClang-Helper.m in Sources */ = {isa = PBXBuildFile; fileRef = FC28A8D221A3ACC60051BE10 /* ZZClang-Helper.m */; };
		FC74950921A5401A00CCE3D0 /* IDEFoundation.framework in Frameworks */ = {isa = PBXBuildFile; fileRef = FC74950821A5401A00CCE3D0 /* IDEFoundation.framework */; };
		FC74950B21A5401E00CCE3D0 /* IDEKit.framework in Frameworks */ = {isa = PBXBuildFile; fileRef = FC74950A21A5401E00CCE3D0 /* IDEKit.framework */; };
		FC99E65821A3BA290085BDFF /* clang-format in Resources */ = {isa = PBXBuildFile; fileRef = FC99E65721A3BA290085BDFF /* clang-format */; };
		FC99E65E21A4F8060085BDFF /* ZZClang-Fragment.m in Sources */ = {isa = PBXBuildFile; fileRef = FC99E65D21A4F8060085BDFF /* ZZClang-Fragment.m */; };
		FCB6404421A795BD00B71F5C /* NSDocument+ZZClang.m in Sources */ = {isa = PBXBuildFile; fileRef = FCB6404321A795BD00B71F5C /* NSDocument+ZZClang.m */; };
		FCE3FC2821A399A000B85908 /* ZZClang-format.m in Sources */ = {isa = PBXBuildFile; fileRef = FCE3FC2721A399A000B85908 /* ZZClang-format.m */; };
/* End PBXBuildFile section */

/* Begin PBXFileReference section */
		FC28A8D121A3ACC60051BE10 /* ZZClang-Helper.h */ = {isa = PBXFileReference; lastKnownFileType = sourcecode.c.h; path = "ZZClang-Helper.h"; sourceTree = "<group>"; };
		FC28A8D221A3ACC60051BE10 /* ZZClang-Helper.m */ = {isa = PBXFileReference; lastKnownFileType = sourcecode.c.objc; path = "ZZClang-Helper.m"; sourceTree = "<group>"; };
		FC74950821A5401A00CCE3D0 /* IDEFoundation.framework */ = {isa = PBXFileReference; lastKnownFileType = wrapper.framework; name = IDEFoundation.framework; path = ../../../../Applications/Xcode.app/Contents/Frameworks/IDEFoundation.framework; sourceTree = "<group>"; };
		FC74950A21A5401E00CCE3D0 /* IDEKit.framework */ = {isa = PBXFileReference; lastKnownFileType = wrapper.framework; name = IDEKit.framework; path = ../../../../Applications/Xcode.app/Contents/Frameworks/IDEKit.framework; sourceTree = "<group>"; };
		FC99E65721A3BA290085BDFF /* clang-format */ = {isa = PBXFileReference; lastKnownFileType = "compiled.mach-o.executable"; path = "clang-format"; sourceTree = "<group>"; };
		FC99E65C21A4F8060085BDFF /* ZZClang-Fragment.h */ = {isa = PBXFileReference; lastKnownFileType = sourcecode.c.h; path = "ZZClang-Fragment.h"; sourceTree = "<group>"; };
		FC99E65D21A4F8060085BDFF /* ZZClang-Fragment.m */ = {isa = PBXFileReference; lastKnownFileType = sourcecode.c.objc; path = "ZZClang-Fragment.m"; sourceTree = "<group>"; };
		FCB6404221A795BD00B71F5C /* NSDocument+ZZClang.h */ = {isa = PBXFileReference; lastKnownFileType = sourcecode.c.h; path = "NSDocument+ZZClang.h"; sourceTree = "<group>"; };
		FCB6404321A795BD00B71F5C /* NSDocument+ZZClang.m */ = {isa = PBXFileReference; lastKnownFileType = sourcecode.c.objc; path = "NSDocument+ZZClang.m"; sourceTree = "<group>"; };
		FCE3FC1D21A3998900B85908 /* ZZClang-format.xcplugin */ = {isa = PBXFileReference; explicitFileType = wrapper.cfbundle; includeInIndex = 0; path = "ZZClang-format.xcplugin"; sourceTree = BUILT_PRODUCTS_DIR; };
		FCE3FC2021A3998900B85908 /* Info.plist */ = {isa = PBXFileReference; lastKnownFileType = text.plist.xml; path = Info.plist; sourceTree = "<group>"; };
		FCE3FC2621A399A000B85908 /* ZZClang-format.h */ = {isa = PBXFileReference; lastKnownFileType = sourcecode.c.h; path = "ZZClang-format.h"; sourceTree = "<group>"; };
		FCE3FC2721A399A000B85908 /* ZZClang-format.m */ = {isa = PBXFileReference; lastKnownFileType = sourcecode.c.objc; path = "ZZClang-format.m"; sourceTree = "<group>"; };
		FCE3FC2921A39B1B00B85908 /* ZZXcode.h */ = {isa = PBXFileReference; lastKnownFileType = sourcecode.c.h; path = ZZXcode.h; sourceTree = "<group>"; };
/* End PBXFileReference section */

/* Begin PBXFrameworksBuildPhase section */
		FCE3FC1A21A3998900B85908 /* Frameworks */ = {
			isa = PBXFrameworksBuildPhase;
			buildActionMask = 2147483647;
			files = (
				FC74950921A5401A00CCE3D0 /* IDEFoundation.framework in Frameworks */,
				FC74950B21A5401E00CCE3D0 /* IDEKit.framework in Frameworks */,
			);
			runOnlyForDeploymentPostprocessing = 0;
		};
/* End PBXFrameworksBuildPhase section */

/* Begin PBXGroup section */
		FC99E65F21A53EEB0085BDFF /* Frameworks */ = {
			isa = PBXGroup;
			children = (
				FC74950A21A5401E00CCE3D0 /* IDEKit.framework */,
				FC74950821A5401A00CCE3D0 /* IDEFoundation.framework */,
			);
			name = Frameworks;
			sourceTree = "<group>";
		};
		FCE3FC1421A3998900B85908 = {
			isa = PBXGroup;
			children = (
				FCE3FC1F21A3998900B85908 /* ZZClang-format */,
				FCE3FC1E21A3998900B85908 /* Products */,
				FC99E65F21A53EEB0085BDFF /* Frameworks */,
			);
			sourceTree = "<group>";
		};
		FCE3FC1E21A3998900B85908 /* Products */ = {
			isa = PBXGroup;
			children = (
				FCE3FC1D21A3998900B85908 /* ZZClang-format.xcplugin */,
			);
			name = Products;
			sourceTree = "<group>";
		};
		FCE3FC1F21A3998900B85908 /* ZZClang-format */ = {
			isa = PBXGroup;
			children = (
				FCE3FC2621A399A000B85908 /* ZZClang-format.h */,
				FCE3FC2721A399A000B85908 /* ZZClang-format.m */,
				FC28A8D121A3ACC60051BE10 /* ZZClang-Helper.h */,
				FC28A8D221A3ACC60051BE10 /* ZZClang-Helper.m */,
				FC99E65C21A4F8060085BDFF /* ZZClang-Fragment.h */,
				FC99E65D21A4F8060085BDFF /* ZZClang-Fragment.m */,
				FCE3FC2921A39B1B00B85908 /* ZZXcode.h */,
				FCB6404221A795BD00B71F5C /* NSDocument+ZZClang.h */,
				FCB6404321A795BD00B71F5C /* NSDocument+ZZClang.m */,
				FC99E65721A3BA290085BDFF /* clang-format */,
				FCE3FC2021A3998900B85908 /* Info.plist */,
			);
			path = "ZZClang-format";
			sourceTree = "<group>";
		};
/* End PBXGroup section */

/* Begin PBXNativeTarget section */
		FCE3FC1C21A3998900B85908 /* ZZClang-format */ = {
			isa = PBXNativeTarget;
			buildConfigurationList = FCE3FC2321A3998900B85908 /* Build configuration list for PBXNativeTarget "ZZClang-format" */;
			buildPhases = (
				FCE3FC1921A3998900B85908 /* Sources */,
				FCE3FC1A21A3998900B85908 /* Frameworks */,
				FCE3FC1B21A3998900B85908 /* Resources */,
			);
			buildRules = (
			);
			dependencies = (
			);
			name = "ZZClang-format";
			productName = "ZZClang-format";
			productReference = FCE3FC1D21A3998900B85908 /* ZZClang-format.xcplugin */;
			productType = "com.apple.product-type.bundle";
		};
/* End PBXNativeTarget section */

/* Begin PBXProject section */
		FCE3FC1521A3998900B85908 /* Project object */ = {
			isa = PBXProject;
			attributes = {
				LastUpgradeCheck = 1000;
				ORGANIZATIONNAME = zmz;
				TargetAttributes = {
					FCE3FC1C21A3998900B85908 = {
						CreatedOnToolsVersion = 10.0;
					};
				};
			};
			buildConfigurationList = FCE3FC1821A3998900B85908 /* Build configuration list for PBXProject "ZZClang-format" */;
			compatibilityVersion = "Xcode 9.3";
			developmentRegion = en;
			hasScannedForEncodings = 0;
			knownRegions = (
				en,
			);
			mainGroup = FCE3FC1421A3998900B85908;
			productRefGroup = FCE3FC1E21A3998900B85908 /* Products */;
			projectDirPath = "";
			projectRoot = "";
			targets = (
				FCE3FC1C21A3998900B85908 /* ZZClang-format */,
			);
		};
/* End PBXProject section */

/* Begin PBXResourcesBuildPhase section */
		FCE3FC1B21A3998900B85908 /* Resources */ = {
			isa = PBXResourcesBuildPhase;
			buildActionMask = 2147483647;
			files = (
				FC99E65821A3BA290085BDFF /* clang-format in Resources */,
			);
			runOnlyForDeploymentPostprocessing = 0;
		};
/* End PBXResourcesBuildPhase section */

/* Begin PBXSourcesBuildPhase section */
		FCE3FC1921A3998900B85908 /* Sources */ = {
			isa = PBXSourcesBuildPhase;
			buildActionMask = 2147483647;
			files = (
				FCE3FC2821A399A000B85908 /* ZZClang-format.m in Sources */,
				FC28A8D321A3ACC60051BE10 /* ZZClang-Helper.m in Sources */,
				FC99E65E21A4F8060085BDFF /* ZZClang-Fragment.m in Sources */,
				FCB6404421A795BD00B71F5C /* NSDocument+ZZClang.m in Sources */,
			);
			runOnlyForDeploymentPostprocessing = 0;
		};
/* End PBXSourcesBuildPhase section */

/* Begin XCBuildConfiguration section */
		FCE3FC2121A3998900B85908 /* Debug */ = {
			isa = XCBuildConfiguration;
			buildSettings = {
				ALWAYS_SEARCH_USER_PATHS = NO;
				CLANG_ANALYZER_NONNULL = YES;
				CLANG_ANALYZER_NUMBER_OBJECT_CONVERSION = YES_AGGRESSIVE;
				CLANG_CXX_LANGUAGE_STANDARD = "gnu++14";
				CLANG_CXX_LIBRARY = "libc++";
				CLANG_ENABLE_MODULES = YES;
				CLANG_ENABLE_OBJC_ARC = YES;
				CLANG_ENABLE_OBJC_WEAK = YES;
				CLANG_WARN_BLOCK_CAPTURE_AUTORELEASING = YES;
				CLANG_WARN_BOOL_CONVERSION = YES;
				CLANG_WARN_COMMA = YES;
				CLANG_WARN_CONSTANT_CONVERSION = YES;
				CLANG_WARN_DEPRECATED_OBJC_IMPLEMENTATIONS = YES;
				CLANG_WARN_DIRECT_OBJC_ISA_USAGE = YES_ERROR;
				CLANG_WARN_DOCUMENTATION_COMMENTS = YES;
				CLANG_WARN_EMPTY_BODY = YES;
				CLANG_WARN_ENUM_CONVERSION = YES;
				CLANG_WARN_INFINITE_RECURSION = YES;
				CLANG_WARN_INT_CONVERSION = YES;
				CLANG_WARN_NON_LITERAL_NULL_CONVERSION = YES;
				CLANG_WARN_OBJC_IMPLICIT_RETAIN_SELF = YES;
				CLANG_WARN_OBJC_LITERAL_CONVERSION = YES;
				CLANG_WARN_OBJC_ROOT_CLASS = YES_ERROR;
				CLANG_WARN_RANGE_LOOP_ANALYSIS = YES;
				CLANG_WARN_STRICT_PROTOTYPES = YES;
				CLANG_WARN_SUSPICIOUS_MOVE = YES;
				CLANG_WARN_UNGUARDED_AVAILABILITY = YES_AGGRESSIVE;
				CLANG_WARN_UNREACHABLE_CODE = YES;
				CLANG_WARN__DUPLICATE_METHOD_MATCH = YES;
				CODE_SIGN_IDENTITY = "Mac Developer";
				COPY_PHASE_STRIP = NO;
				DEBUG_INFORMATION_FORMAT = dwarf;
				ENABLE_STRICT_OBJC_MSGSEND = YES;
				ENABLE_TESTABILITY = YES;
				GCC_C_LANGUAGE_STANDARD = gnu11;
				GCC_DYNAMIC_NO_PIC = NO;
				GCC_NO_COMMON_BLOCKS = YES;
				GCC_OPTIMIZATION_LEVEL = 0;
				GCC_PREPROCESSOR_DEFINITIONS = (
					"DEBUG=1",
					"$(inherited)",
				);
				GCC_WARN_64_TO_32_BIT_CONVERSION = YES;
				GCC_WARN_ABOUT_RETURN_TYPE = YES_ERROR;
				GCC_WARN_UNDECLARED_SELECTOR = YES;
				GCC_WARN_UNINITIALIZED_AUTOS = YES_AGGRESSIVE;
				GCC_WARN_UNUSED_FUNCTION = YES;
				GCC_WARN_UNUSED_VARIABLE = YES;
				MACOSX_DEPLOYMENT_TARGET = 10.13;
				MTL_ENABLE_DEBUG_INFO = INCLUDE_SOURCE;
				MTL_FAST_MATH = YES;
				ONLY_ACTIVE_ARCH = YES;
				SDKROOT = macosx;
			};
			name = Debug;
		};
		FCE3FC2221A3998900B85908 /* Release */ = {
			isa = XCBuildConfiguration;
			buildSettings = {
				ALWAYS_SEARCH_USER_PATHS = NO;
				CLANG_ANALYZER_NONNULL = YES;
				CLANG_ANALYZER_NUMBER_OBJECT_CONVERSION = YES_AGGRESSIVE;
				CLANG_CXX_LANGUAGE_STANDARD = "gnu++14";
				CLANG_CXX_LIBRARY = "libc++";
				CLANG_ENABLE_MODULES = YES;
				CLANG_ENABLE_OBJC_ARC = YES;
				CLANG_ENABLE_OBJC_WEAK = YES;
				CLANG_WARN_BLOCK_CAPTURE_AUTORELEASING = YES;
				CLANG_WARN_BOOL_CONVERSION = YES;
				CLANG_WARN_COMMA = YES;
				CLANG_WARN_CONSTANT_CONVERSION = YES;
				CLANG_WARN_DEPRECATED_OBJC_IMPLEMENTATIONS = YES;
				CLANG_WARN_DIRECT_OBJC_ISA_USAGE = YES_ERROR;
				CLANG_WARN_DOCUMENTATION_COMMENTS = YES;
				CLANG_WARN_EMPTY_BODY = YES;
				CLANG_WARN_ENUM_CONVERSION = YES;
				CLANG_WARN_INFINITE_RECURSION = YES;
				CLANG_WARN_INT_CONVERSION = YES;
				CLANG_WARN_NON_LITERAL_NULL_CONVERSION = YES;
				CLANG_WARN_OBJC_IMPLICIT_RETAIN_SELF = YES;
				CLANG_WARN_OBJC_LITERAL_CONVERSION = YES;
				CLANG_WARN_OBJC_ROOT_CLASS = YES_ERROR;
				CLANG_WARN_RANGE_LOOP_ANALYSIS = YES;
				CLANG_WARN_STRICT_PROTOTYPES = YES;
				CLANG_WARN_SUSPICIOUS_MOVE = YES;
				CLANG_WARN_UNGUARDED_AVAILABILITY = YES_AGGRESSIVE;
				CLANG_WARN_UNREACHABLE_CODE = YES;
				CLANG_WARN__DUPLICATE_METHOD_MATCH = YES;
				CODE_SIGN_IDENTITY = "Mac Developer";
				COPY_PHASE_STRIP = NO;
				DEBUG_INFORMATION_FORMAT = "dwarf-with-dsym";
				ENABLE_NS_ASSERTIONS = NO;
				ENABLE_STRICT_OBJC_MSGSEND = YES;
				GCC_C_LANGUAGE_STANDARD = gnu11;
				GCC_NO_COMMON_BLOCKS = YES;
				GCC_WARN_64_TO_32_BIT_CONVERSION = YES;
				GCC_WARN_ABOUT_RETURN_TYPE = YES_ERROR;
				GCC_WARN_UNDECLARED_SELECTOR = YES;
				GCC_WARN_UNINITIALIZED_AUTOS = YES_AGGRESSIVE;
				GCC_WARN_UNUSED_FUNCTION = YES;
				GCC_WARN_UNUSED_VARIABLE = YES;
				MACOSX_DEPLOYMENT_TARGET = 10.13;
				MTL_ENABLE_DEBUG_INFO = NO;
				MTL_FAST_MATH = YES;
				SDKROOT = macosx;
			};
			name = Release;
		};
		FCE3FC2421A3998900B85908 /* Debug */ = {
			isa = XCBuildConfiguration;
			buildSettings = {
				CODE_SIGN_IDENTITY = "-";
				CODE_SIGN_STYLE = Automatic;
				COMBINE_HIDPI_IMAGES = YES;
				DEPLOYMENT_LOCATION = YES;
				DEVELOPMENT_TEAM = "";
				DSTROOT = "${HOME}";
				FRAMEWORK_SEARCH_PATHS = (
					"$(inherited)",
					"$(DEVELOPER_DIR)/../SharedFrameworks",
					"$(DEVELOPER_DIR)/../Frameworks",
				);
				INFOPLIST_FILE = "ZZClang-format/Info.plist";
				INSTALL_PATH = "/Library/Application Support/Developer/Shared/Xcode/Plug-ins";
				MACOSX_DEPLOYMENT_TARGET = 10.10;
				PRODUCT_BUNDLE_IDENTIFIER = "yd.ZZClang-format";
				PRODUCT_NAME = "$(TARGET_NAME)";
				PROVISIONING_PROFILE_SPECIFIER = "";
				SKIP_INSTALL = NO;
				WRAPPER_EXTENSION = xcplugin;
			};
			name = Debug;
		};
		FCE3FC2521A3998900B85908 /* Release */ = {
			isa = XCBuildConfiguration;
			buildSettings = {
				CODE_SIGN_IDENTITY = "-";
				CODE_SIGN_STYLE = Automatic;
				COMBINE_HIDPI_IMAGES = YES;
				DEPLOYMENT_LOCATION = YES;
				DEVELOPMENT_TEAM = "";
				DSTROOT = "${HOME}";
				FRAMEWORK_SEARCH_PATHS = (
					"$(inherited)",
					"$(DEVELOPER_DIR)/../SharedFrameworks",
					"$(DEVELOPER_DIR)/../Frameworks",
				);
				INFOPLIST_FILE = "ZZClang-format/Info.plist";
				INSTALL_PATH = "/Library/Application Support/Developer/Shared/Xcode/Plug-ins";
				MACOSX_DEPLOYMENT_TARGET = 10.10;
				PRODUCT_BUNDLE_IDENTIFIER = "yd.ZZClang-format";
				PRODUCT_NAME = "$(TARGET_NAME)";
				PROVISIONING_PROFILE_SPECIFIER = "";
				SKIP_INSTALL = NO;
				WRAPPER_EXTENSION = xcplugin;
			};
			name = Release;
		};
/* End XCBuildConfiguration section */

/* Begin XCConfigurationList section */
		FCE3FC1821A3998900B85908 /* Build configuration list for PBXProject "ZZClang-format" */ = {
			isa = XCConfigurationList;
			buildConfigurations = (
				FCE3FC2121A3998900B85908 /* Debug */,
				FCE3FC2221A3998900B85908 /* Release */,
			);
			defaultConfigurationIsVisible = 0;
			defaultConfigurationName = Release;
		};
		FCE3FC2321A3998900B85908 /* Build configuration list for PBXNativeTarget "ZZClang-format" */ = {
			isa = XCConfigurationList;
			buildConfigurations = (
				FCE3FC2421A3998900B85908 /* Debug */,
				FCE3FC2521A3998900B85908 /* Release */,
			);
			defaultConfigurationIsVisible = 0;
			defaultConfigurationName = Release;
		};
/* End XCConfigurationList section */
	};
	rootObject = FCE3FC1521A3998900B85908 /* Project object */;
}
